Microsoft Visual Studio Solution File, Format Version 12.00
# Visual Studio Version 17
VisualStudioVersion = 17.5.2.0
MinimumVisualStudioVersion = 10.0.40219.1
Project("{FAE04EC0-301F-11D3-BF4B-00C04F79EFBC}") = "PdfDollarScanner", "PdfDollarScanner\PdfDollarScanner.csproj", "{9C1BEF59-47A6-D15B-61EC-C91605B685C1}"
EndProject
Global
	GlobalSection(SolutionConfigurationPlatforms) = preSolution
		Debug|Any CPU = Debug|Any CPU
		Release|Any CPU = Release|Any CPU
	EndGlobalSection
	GlobalSection(ProjectConfigurationPlatforms) = postSolution
		{9C1BEF59-47A6-D15B-61EC-C91605B685C1}.Debug|Any CPU.ActiveCfg = Debug|Any CPU
		{9C1BEF59-47A6-D15B-61EC-C91605B685C1}.Debug|Any CPU.Build.0 = Debug|Any CPU
		{9C1BEF59-47A6-D15B-61EC-C91605B685C1}.Release|Any CPU.ActiveCfg = Release|Any CPU
		{9C1BEF59-47A6-D15B-61EC-C91605B685C1}.Release|Any CPU.Build.0 = Release|Any CPU
	EndGlobalSection
	GlobalSection(SolutionProperties) = preSolution
		HideSolutionNode = FALSE
	EndGlobalSection
	GlobalSection(ExtensibilityGlobals) = postSolution
		SolutionGuid = {8FAC9D5A-F2B2-4386-8B33-1B5D13C5B9B0}
	EndGlobalSection
EndGlobal
